
Microsoft Visual Studio Solution File, Format Version 12.00
# Visual Studio Version 17
VisualStudioVersion = 17.4.33110.190
MinimumVisualStudioVersion = 10.0.40219.1
Project("{FAE04EC0-301F-11D3-BF4B-00C04F79EFBC}") = "GuessingGameNet", "GuessingGameNet\GuessingGameNet.csproj", "{C83850DA-4820-4E08-84C9-556B471CE8D0}"
EndProject
Global
	GlobalSection(SolutionConfigurationPlatforms) = preSolution
		Debug|Any CPU = Debug|Any CPU
		Release|Any CPU = Release|Any CPU
	EndGlobalSection
	GlobalSection(ProjectConfigurationPlatforms) = postSolution
		{C83850DA-4820-4E08-84C9-556B471CE8D0}.Debug|Any CPU.ActiveCfg = Debug|Any CPU
		{C83850DA-4820-4E08-84C9-556B471CE8D0}.Debug|Any CPU.Build.0 = Debug|Any CPU
		{C83850DA-4820-4E08-84C9-556B471CE8D0}.Release|Any CPU.ActiveCfg = Release|Any CPU
		{C83850DA-4820-4E08-84C9-556B471CE8D0}.Release|Any CPU.Build.0 = Release|Any CPU
	EndGlobalSection
	GlobalSection(SolutionProperties) = preSolution
		HideSolutionNode = FALSE
	EndGlobalSection
	GlobalSection(ExtensibilityGlobals) = postSolution
		SolutionGuid = {CCB54572-706F-45A2-8213-1C55D7E5C738}
	EndGlobalSection
EndGlobal
